
Microsoft Visual Studio Solution File, Format Version 12.00
# Visual Studio 15
Project("{FAE04EC0-301F-11D3-BF4B-00C04F79EFBC}") = "MyHttpTrigger", "MyHttpTrigger\MyHttpTrigger.csproj", "{7CF235FE-20C0-4051-A160-8994F8D8752D}"
EndProject
Global
	GlobalSection(SolutionConfigurationPlatforms) = preSolution
		Debug|Any CPU = Debug|Any CPU
		Release|Any CPU = Release|Any CPU
	EndGlobalSection
	GlobalSection(ProjectConfigurationPlatforms) = postSolution
		{7CF235FE-20C0-4051-A160-8994F8D8752D}.Debug|Any CPU.ActiveCfg = Debug|Any CPU
		{7CF235FE-20C0-4051-A160-8994F8D8752D}.Debug|Any CPU.Build.0 = Debug|Any CPU
		{7CF235FE-20C0-4051-A160-8994F8D8752D}.Release|Any CPU.ActiveCfg = Release|Any CPU
		{7CF235FE-20C0-4051-A160-8994F8D8752D}.Release|Any CPU.Build.0 = Release|Any CPU
	EndGlobalSection
EndGlobal
